
Microsoft Visual Studio Solution File, Format Version 12.00
# Visual Studio Version 17
VisualStudioVersion = 17.10.35013.160
MinimumVisualStudioVersion = 10.0.40219.1
Project("{2150E333-8FDC-42A3-9474-1A3956D46DE8}") = "src", "src", "{37A66622-BED4-41E3-82A4-91821D49F530}"
EndProject
Project("{2150E333-8FDC-42A3-9474-1A3956D46DE8}") = "1.WebApi", "1.WebApi", "{CB3FAAB9-AD34-47C4-BF5C-D3FDFAD57DC1}"
EndProject
Project("{2150E333-8FDC-42A3-9474-1A3956D46DE8}") = "2.AppService", "2.AppService", "{BAFE6A1A-788F-4CB0-AC39-63F773EF21F5}"
EndProject
Project("{2150E333-8FDC-42A3-9474-1A3956D46DE8}") = "3.Infra", "3.Infra", "{705D487D-DBE1-46D7-958C-476EB2858180}"
EndProject
Project("{2150E333-8FDC-42A3-9474-1A3956D46DE8}") = "4.Shared", "4.Shared", "{EC45959A-8A34-4209-99BF-E03655764A65}"
EndProject
Project("{2150E333-8FDC-42A3-9474-1A3956D46DE8}") = "5.Tests", "5.Tests", "{470B1215-9657-418A-B815-B4CC99FC5D8B}"
EndProject
Project("{FAE04EC0-301F-11D3-BF4B-00C04F79EFBC}") = "Dinex.Api", "src\1.WebApi\Dinex.Api\Dinex.Api.csproj", "{FB61542A-7BC4-4625-A878-FC9ED52F6A1B}"
EndProject
Project("{FAE04EC0-301F-11D3-BF4B-00C04F79EFBC}") = "Dinex.AppService", "src\2.AppService\Dinex.AppService\Dinex.AppService.csproj", "{D7E6D04B-B0A2-476A-9476-192183C3AAC5}"
EndProject
Project("{FAE04EC0-301F-11D3-BF4B-00C04F79EFBC}") = "Dinex.Infra", "src\3.Infra\Dinex.Infra\Dinex.Infra.csproj", "{E9E4B814-1100-4152-BB48-064DC727ADE7}"
EndProject
Project("{FAE04EC0-301F-11D3-BF4B-00C04F79EFBC}") = "Dinex.Core", "src\4.Shared\Dinex.Core\Dinex.Core.csproj", "{E862B2D3-44C7-4BF3-B23E-C139C2F3C296}"
EndProject
Project("{9A19103F-16F7-4668-BE54-9A1E7A4F7556}") = "Dinex.AppService.Tests", "src\5.Tests\Dinex.AppService.Tests\Dinex.AppService.Tests.csproj", "{340B7DCC-3D50-4C1C-BD4F-62C7B531D9A5}"
EndProject
Global
	GlobalSection(SolutionConfigurationPlatforms) = preSolution
		Debug|Any CPU = Debug|Any CPU
		Release|Any CPU = Release|Any CPU
	EndGlobalSection
	GlobalSection(ProjectConfigurationPlatforms) = postSolution
		{FB61542A-7BC4-4625-A878-FC9ED52F6A1B}.Debug|Any CPU.ActiveCfg = Debug|Any CPU
		{FB61542A-7BC4-4625-A878-FC9ED52F6A1B}.Debug|Any CPU.Build.0 = Debug|Any CPU
		{FB61542A-7BC4-4625-A878-FC9ED52F6A1B}.Release|Any CPU.ActiveCfg = Release|Any CPU
		{FB61542A-7BC4-4625-A878-FC9ED52F6A1B}.Release|Any CPU.Build.0 = Release|Any CPU
		{D7E6D04B-B0A2-476A-9476-192183C3AAC5}.Debug|Any CPU.ActiveCfg = Debug|Any CPU
		{D7E6D04B-B0A2-476A-9476-192183C3AAC5}.Debug|Any CPU.Build.0 = Debug|Any CPU
		{D7E6D04B-B0A2-476A-9476-192183C3AAC5}.Release|Any CPU.ActiveCfg = Release|Any CPU
		{D7E6D04B-B0A2-476A-9476-192183C3AAC5}.Release|Any CPU.Build.0 = Release|Any CPU
		{E9E4B814-1100-4152-BB48-064DC727ADE7}.Debug|Any CPU.ActiveCfg = Debug|Any CPU
		{E9E4B814-1100-4152-BB48-064DC727ADE7}.Debug|Any CPU.Build.0 = Debug|Any CPU
		{E9E4B814-1100-4152-BB48-064DC727ADE7}.Release|Any CPU.ActiveCfg = Release|Any CPU
		{E9E4B814-1100-4152-BB48-064DC727ADE7}.Release|Any CPU.Build.0 = Release|Any CPU
		{E862B2D3-44C7-4BF3-B23E-C139C2F3C296}.Debug|Any CPU.ActiveCfg = Debug|Any CPU
		{E862B2D3-44C7-4BF3-B23E-C139C2F3C296}.Debug|Any CPU.Build.0 = Debug|Any CPU
		{E862B2D3-44C7-4BF3-B23E-C139C2F3C296}.Release|Any CPU.ActiveCfg = Release|Any CPU
		{E862B2D3-44C7-4BF3-B23E-C139C2F3C296}.Release|Any CPU.Build.0 = Release|Any CPU
		{340B7DCC-3D50-4C1C-BD4F-62C7B531D9A5}.Debug|Any CPU.ActiveCfg = Debug|Any CPU
		{340B7DCC-3D50-4C1C-BD4F-62C7B531D9A5}.Debug|Any CPU.Build.0 = Debug|Any CPU
		{340B7DCC-3D50-4C1C-BD4F-62C7B531D9A5}.Release|Any CPU.ActiveCfg = Release|Any CPU
		{340B7DCC-3D50-4C1C-BD4F-62C7B531D9A5}.Release|Any CPU.Build.0 = Release|Any CPU
	EndGlobalSection
	GlobalSection(SolutionProperties) = preSolution
		HideSolutionNode = FALSE
	EndGlobalSection
	GlobalSection(NestedProjects) = preSolution
		{CB3FAAB9-AD34-47C4-BF5C-D3FDFAD57DC1} = {37A66622-BED4-41E3-82A4-91821D49F530}
		{BAFE6A1A-788F-4CB0-AC39-63F773EF21F5} = {37A66622-BED4-41E3-82A4-91821D49F530}
		{705D487D-DBE1-46D7-958C-476EB2858180} = {37A66622-BED4-41E3-82A4-91821D49F530}
		{EC45959A-8A34-4209-99BF-E03655764A65} = {37A66622-BED4-41E3-82A4-91821D49F530}
		{470B1215-9657-418A-B815-B4CC99FC5D8B} = {37A66622-BED4-41E3-82A4-91821D49F530}
		{FB61542A-7BC4-4625-A878-FC9ED52F6A1B} = {CB3FAAB9-AD34-47C4-BF5C-D3FDFAD57DC1}
		{D7E6D04B-B0A2-476A-9476-192183C3AAC5} = {BAFE6A1A-788F-4CB0-AC39-63F773EF21F5}
		{E9E4B814-1100-4152-BB48-064DC727ADE7} = {705D487D-DBE1-46D7-958C-476EB2858180}
		{E862B2D3-44C7-4BF3-B23E-C139C2F3C296} = {EC45959A-8A34-4209-99BF-E03655764A65}
		{340B7DCC-3D50-4C1C-BD4F-62C7B531D9A5} = {470B1215-9657-418A-B815-B4CC99FC5D8B}
	EndGlobalSection
	GlobalSection(ExtensibilityGlobals) = postSolution
		SolutionGuid = {B230F1ED-6945-4A03-95A3-75CEE199A695}
	EndGlobalSection
EndGlobal
